
Microsoft Visual Studio Solution File, Format Version 12.00
# Visual Studio 15
Project("{FAE04EC0-301F-11D3-BF4B-00C04F79EFBC}") = "Friends", "Friends\Friends.csproj", "{DC6C79F9-191D-437D-A34F-EEFF09F62C9E}"
EndProject
Global
	GlobalSection(SolutionConfigurationPlatforms) = preSolution
		Debug|Any CPU = Debug|Any CPU
		Release|Any CPU = Release|Any CPU
	EndGlobalSection
	GlobalSection(ProjectConfigurationPlatforms) = postSolution
		{DC6C79F9-191D-437D-A34F-EEFF09F62C9E}.Debug|Any CPU.ActiveCfg = Debug|Any CPU
		{DC6C79F9-191D-437D-A34F-EEFF09F62C9E}.Debug|Any CPU.Build.0 = Debug|Any CPU
		{DC6C79F9-191D-437D-A34F-EEFF09F62C9E}.Release|Any CPU.ActiveCfg = Release|Any CPU
		{DC6C79F9-191D-437D-A34F-EEFF09F62C9E}.Release|Any CPU.Build.0 = Release|Any CPU
	EndGlobalSection
EndGlobal
